
Microsoft Visual Studio Solution File, Format Version 12.00
# Visual Studio 15
VisualStudioVersion = 15.0.28307.645
MinimumVisualStudioVersion = 10.0.40219.1
Project("{FAE04EC0-301F-11D3-BF4B-00C04F79EFBC}") = "Project2", "Project2\Project2.csproj", "{B216C9B8-CD7C-48EE-A6BD-07AC9893345F}"
EndProject
Project("{FAE04EC0-301F-11D3-BF4B-00C04F79EFBC}") = "Project2MVC.Models", "Project2MVC.Models\Project2MVC.Models.csproj", "{70804CE4-04AF-462C-9139-EABB7C3919A0}"
EndProject
Project("{FAE04EC0-301F-11D3-BF4B-00C04F79EFBC}") = "Project2MVC.BLL", "Project2MVC.BLL\Project2MVC.BLL.csproj", "{E746729D-6C81-425F-BF65-6D0C67D17438}"
EndProject
Project("{FAE04EC0-301F-11D3-BF4B-00C04F79EFBC}") = "Project2MVC.Repository", "Project2MVC.Repository\Project2MVC.Repository.csproj", "{8384825B-4866-4A42-A8DC-9F23B849C12F}"
EndProject
Project("{FAE04EC0-301F-11D3-BF4B-00C04F79EFBC}") = "Project2MVC.DatabaseContext", "Project2MVC.DatabaseContext\Project2MVC.DatabaseContext.csproj", "{877A6BF6-5CCE-4F41-A665-8274D02533F4}"
EndProject
Global
	GlobalSection(SolutionConfigurationPlatforms) = preSolution
		Debug|Any CPU = Debug|Any CPU
		Release|Any CPU = Release|Any CPU
	EndGlobalSection
	GlobalSection(ProjectConfigurationPlatforms) = postSolution
		{B216C9B8-CD7C-48EE-A6BD-07AC9893345F}.Debug|Any CPU.ActiveCfg = Debug|Any CPU
		{B216C9B8-CD7C-48EE-A6BD-07AC9893345F}.Debug|Any CPU.Build.0 = Debug|Any CPU
		{B216C9B8-CD7C-48EE-A6BD-07AC9893345F}.Release|Any CPU.ActiveCfg = Release|Any CPU
		{B216C9B8-CD7C-48EE-A6BD-07AC9893345F}.Release|Any CPU.Build.0 = Release|Any CPU
		{70804CE4-04AF-462C-9139-EABB7C3919A0}.Debug|Any CPU.ActiveCfg = Debug|Any CPU
		{70804CE4-04AF-462C-9139-EABB7C3919A0}.Debug|Any CPU.Build.0 = Debug|Any CPU
		{70804CE4-04AF-462C-9139-EABB7C3919A0}.Release|Any CPU.ActiveCfg = Release|Any CPU
		{70804CE4-04AF-462C-9139-EABB7C3919A0}.Release|Any CPU.Build.0 = Release|Any CPU
		{E746729D-6C81-425F-BF65-6D0C67D17438}.Debug|Any CPU.ActiveCfg = Debug|Any CPU
		{E746729D-6C81-425F-BF65-6D0C67D17438}.Debug|Any CPU.Build.0 = Debug|Any CPU
		{E746729D-6C81-425F-BF65-6D0C67D17438}.Release|Any CPU.ActiveCfg = Release|Any CPU
		{E746729D-6C81-425F-BF65-6D0C67D17438}.Release|Any CPU.Build.0 = Release|Any CPU
		{8384825B-4866-4A42-A8DC-9F23B849C12F}.Debug|Any CPU.ActiveCfg = Debug|Any CPU
		{8384825B-4866-4A42-A8DC-9F23B849C12F}.Debug|Any CPU.Build.0 = Debug|Any CPU
		{8384825B-4866-4A42-A8DC-9F23B849C12F}.Release|Any CPU.ActiveCfg = Release|Any CPU
		{8384825B-4866-4A42-A8DC-9F23B849C12F}.Release|Any CPU.Build.0 = Release|Any CPU
		{877A6BF6-5CCE-4F41-A665-8274D02533F4}.Debug|Any CPU.ActiveCfg = Debug|Any CPU
		{877A6BF6-5CCE-4F41-A665-8274D02533F4}.Debug|Any CPU.Build.0 = Debug|Any CPU
		{877A6BF6-5CCE-4F41-A665-8274D02533F4}.Release|Any CPU.ActiveCfg = Release|Any CPU
		{877A6BF6-5CCE-4F41-A665-8274D02533F4}.Release|Any CPU.Build.0 = Release|Any CPU
	EndGlobalSection
	GlobalSection(SolutionProperties) = preSolution
		HideSolutionNode = FALSE
	EndGlobalSection
	GlobalSection(ExtensibilityGlobals) = postSolution
		SolutionGuid = {29704B50-4FED-4755-9500-6763BB4E9465}
	EndGlobalSection
EndGlobal
